// !$*UTF8*$!
{
	archiveVersion = 1;
	classes = {
	};
	objectVersion = 46;
	objects = {

/* Begin PBXBuildFile section */
		25447B9B1D59B2660099F091 /* JJScanner.h in CopyFiles */ = {isa = PBXBuildFile; fileRef = 25447B9A1D59B2660099F091 /* JJScanner.h */; };
		25447B9D1D59B2660099F091 /* JJScanner.m in Sources */ = {isa = PBXBuildFile; fileRef = 25447B9C1D59B2660099F091 /* JJScanner.m */; };
		25447BA41D59B3D80099F091 /* JJScanner.h in Headers */ = {isa = PBXBuildFile; fileRef = 25447B9A1D59B2660099F091 /* JJScanner.h */; settings = {ATTRIBUTES = (Public, ); }; };
/* End PBXBuildFile section */

/* Begin PBXCopyFilesBuildPhase section */
		25447B951D59B2660099F091 /* CopyFiles */ = {
			isa = PBXCopyFilesBuildPhase;
			buildActionMask = 2147483647;
			dstPath = "include/$(PRODUCT_NAME)";
			dstSubfolderSpec = 16;
			files = (
				25447B9B1D59B2660099F091 /* JJScanner.h in CopyFiles */,
			);
			runOnlyForDeploymentPostprocessing = 0;
		};
/* End PBXCopyFilesBuildPhase section */

/* Begin PBXFileReference section */
		25447B971D59B2660099F091 /* libJJScanner.a */ = {isa = PBXFileReference; explicitFileType = archive.ar; includeInIndex = 0; path = libJJScanner.a; sourceTree = BUILT_PRODUCTS_DIR; };
		25447B9A1D59B2660099F091 /* JJScanner.h */ = {isa = PBXFileReference; lastKnownFileType = sourcecode.c.h; path = JJScanner.h; sourceTree = "<group>"; };
		25447B9C1D59B2660099F091 /* JJScanner.m */ = {isa = PBXFileReference; lastKnownFileType = sourcecode.c.objc; path = JJScanner.m; sourceTree = "<group>"; };
/* End PBXFileReference section */

/* Begin PBXFrameworksBuildPhase section */
		25447B941D59B2660099F091 /* Frameworks */ = {
			isa = PBXFrameworksBuildPhase;
			buildActionMask = 2147483647;
			files = (
			);
			runOnlyForDeploymentPostprocessing = 0;
		};
/* End PBXFrameworksBuildPhase section */

/* Begin PBXGroup section */
		25447B8E1D59B2660099F091 = {
			isa = PBXGroup;
			children = (
				25447B991D59B2660099F091 /* JJScanner */,
				25447B981D59B2660099F091 /* Products */,
			);
			sourceTree = "<group>";
		};
		25447B981D59B2660099F091 /* Products */ = {
			isa = PBXGroup;
			children = (
				25447B971D59B2660099F091 /* libJJScanner.a */,
			);
			name = Products;
			sourceTree = "<group>";
		};
		25447B991D59B2660099F091 /* JJScanner */ = {
			isa = PBXGroup;
			children = (
				25447B9A1D59B2660099F091 /* JJScanner.h */,
				25447B9C1D59B2660099F091 /* JJScanner.m */,
			);
			path = JJScanner;
			sourceTree = "<group>";
		};
/* End PBXGroup section */

/* Begin PBXHeadersBuildPhase section */
		25447BA31D59B3D40099F091 /* Headers */ = {
			isa = PBXHeadersBuildPhase;
			buildActionMask = 2147483647;
			files = (
				25447BA41D59B3D80099F091 /* JJScanner.h in Headers */,
			);
			runOnlyForDeploymentPostprocessing = 0;
		};
/* End PBXHeadersBuildPhase section */

/* Begin PBXNativeTarget section */
		25447B961D59B2660099F091 /* JJScanner */ = {
			isa = PBXNativeTarget;
			buildConfigurationList = 25447BA01D59B2660099F091 /* Build configuration list for PBXNativeTarget "JJScanner" */;
			buildPhases = (
				25447B931D59B2660099F091 /* Sources */,
				25447B941D59B2660099F091 /* Frameworks */,
				25447B951D59B2660099F091 /* CopyFiles */,
				25447BA31D59B3D40099F091 /* Headers */,
			);
			buildRules = (
			);
			dependencies = (
			);
			name = JJScanner;
			productName = JJScanner;
			productReference = 25447B971D59B2660099F091 /* libJJScanner.a */;
			productType = "com.apple.product-type.library.static";
		};
/* End PBXNativeTarget section */

/* Begin PBXProject section */
		25447B8F1D59B2660099F091 /* Project object */ = {
			isa = PBXProject;
			attributes = {
				LastUpgradeCheck = 0730;
				ORGANIZATIONNAME = farbell;
				TargetAttributes = {
					25447B961D59B2660099F091 = {
						CreatedOnToolsVersion = 7.3;
					};
				};
			};
			buildConfigurationList = 25447B921D59B2660099F091 /* Build configuration list for PBXProject "JJScanner" */;
			compatibilityVersion = "Xcode 3.2";
			developmentRegion = English;
			hasScannedForEncodings = 0;
			knownRegions = (
				en,
			);
			mainGroup = 25447B8E1D59B2660099F091;
			productRefGroup = 25447B981D59B2660099F091 /* Products */;
			projectDirPath = "";
			projectRoot = "";
			targets = (
				25447B961D59B2660099F091 /* JJScanner */,
			);
		};
/* End PBXProject section */

/* Begin PBXSourcesBuildPhase section */
		25447B931D59B2660099F091 /* Sources */ = {
			isa = PBXSourcesBuildPhase;
			buildActionMask = 2147483647;
			files = (
				25447B9D1D59B2660099F091 /* JJScanner.m in Sources */,
			);
			runOnlyForDeploymentPostprocessing = 0;
		};
/* End PBXSourcesBuildPhase section */

/* Begin XCBuildConfiguration section */
		25447B9E1D59B2660099F091 /* Debug */ = {
			isa = XCBuildConfiguration;
			buildSettings = {
				ALWAYS_SEARCH_USER_PATHS = NO;
				CLANG_ANALYZER_NONNULL = YES;
				CLANG_CXX_LANGUAGE_STANDARD = "gnu++0x";
				CLANG_CXX_LIBRARY = "libc++";
				CLANG_ENABLE_MODULES = YES;
				CLANG_ENABLE_OBJC_ARC = YES;
				CLANG_WARN_BOOL_CONVERSION = YES;
				CLANG_WARN_CONSTANT_CONVERSION = YES;
				CLANG_WARN_DIRECT_OBJC_ISA_USAGE = YES_ERROR;
				CLANG_WARN_EMPTY_BODY = YES;
				CLANG_WARN_ENUM_CONVERSION = YES;
				CLANG_WARN_INT_CONVERSION = YES;
				CLANG_WARN_OBJC_ROOT_CLASS = YES_ERROR;
				CLANG_WARN_UNREACHABLE_CODE = YES;
				CLANG_WARN__DUPLICATE_METHOD_MATCH = YES;
				"CODE_SIGN_IDENTITY[sdk=iphoneos*]" = "iPhone Developer";
				COPY_PHASE_STRIP = NO;
				DEBUG_INFORMATION_FORMAT = dwarf;
				ENABLE_STRICT_OBJC_MSGSEND = YES;
				ENABLE_TESTABILITY = YES;
				GCC_C_LANGUAGE_STANDARD = gnu99;
				GCC_DYNAMIC_NO_PIC = NO;
				GCC_NO_COMMON_BLOCKS = YES;
				GCC_OPTIMIZATION_LEVEL = 0;
				GCC_PREPROCESSOR_DEFINITIONS = (
					"DEBUG=1",
					"$(inherited)",
				);
				GCC_WARN_64_TO_32_BIT_CONVERSION = YES;
				GCC_WARN_ABOUT_RETURN_TYPE = YES_ERROR;
				GCC_WARN_UNDECLARED_SELECTOR = YES;
				GCC_WARN_UNINITIALIZED_AUTOS = YES_AGGRESSIVE;
				GCC_WARN_UNUSED_FUNCTION = YES;
				GCC_WARN_UNUSED_VARIABLE = YES;
				IPHONEOS_DEPLOYMENT_TARGET = 9.3;
				MTL_ENABLE_DEBUG_INFO = YES;
				ONLY_ACTIVE_ARCH = YES;
				SDKROOT = iphoneos;
			};
			name = Debug;
		};
		25447B9F1D59B2660099F091 /* Release */ = {
			isa = XCBuildConfiguration;
			buildSettings = {
				ALWAYS_SEARCH_USER_PATHS = NO;
				CLANG_ANALYZER_NONNULL = YES;
				CLANG_CXX_LANGUAGE_STANDARD = "gnu++0x";
				CLANG_CXX_LIBRARY = "libc++";
				CLANG_ENABLE_MODULES = YES;
				CLANG_ENABLE_OBJC_ARC = YES;
				CLANG_WARN_BOOL_CONVERSION = YES;
				CLANG_WARN_CONSTANT_CONVERSION = YES;
				CLANG_WARN_DIRECT_OBJC_ISA_USAGE = YES_ERROR;
				CLANG_WARN_EMPTY_BODY = YES;
				CLANG_WARN_ENUM_CONVERSION = YES;
				CLANG_WARN_INT_CONVERSION = YES;
				CLANG_WARN_OBJC_ROOT_CLASS = YES_ERROR;
				CLANG_WARN_UNREACHABLE_CODE = YES;
				CLANG_WARN__DUPLICATE_METHOD_MATCH = YES;
				"CODE_SIGN_IDENTITY[sdk=iphoneos*]" = "iPhone Developer";
				COPY_PHASE_STRIP = NO;
				DEBUG_INFORMATION_FORMAT = "dwarf-with-dsym";
				ENABLE_NS_ASSERTIONS = NO;
				ENABLE_STRICT_OBJC_MSGSEND = YES;
				GCC_C_LANGUAGE_STANDARD = gnu99;
				GCC_NO_COMMON_BLOCKS = YES;
				GCC_WARN_64_TO_32_BIT_CONVERSION = YES;
				GCC_WARN_ABOUT_RETURN_TYPE = YES_ERROR;
				GCC_WARN_UNDECLARED_SELECTOR = YES;
				GCC_WARN_UNINITIALIZED_AUTOS = YES_AGGRESSIVE;
				GCC_WARN_UNUSED_FUNCTION = YES;
				GCC_WARN_UNUSED_VARIABLE = YES;
				IPHONEOS_DEPLOYMENT_TARGET = 9.3;
				MTL_ENABLE_DEBUG_INFO = NO;
				SDKROOT = iphoneos;
				VALIDATE_PRODUCT = YES;
			};
			name = Release;
		};
		25447BA11D59B2660099F091 /* Debug */ = {
			isa = XCBuildConfiguration;
			buildSettings = {
				OTHER_LDFLAGS = "-ObjC";
				PRODUCT_NAME = "$(TARGET_NAME)";
				SKIP_INSTALL = YES;
			};
			name = Debug;
		};
		25447BA21D59B2660099F091 /* Release */ = {
			isa = XCBuildConfiguration;
			buildSettings = {
				OTHER_LDFLAGS = "-ObjC";
				PRODUCT_NAME = "$(TARGET_NAME)";
				SKIP_INSTALL = YES;
			};
			name = Release;
		};
/* End XCBuildConfiguration section */

/* Begin XCConfigurationList section */
		25447B921D59B2660099F091 /* Build configuration list for PBXProject "JJScanner" */ = {
			isa = XCConfigurationList;
			buildConfigurations = (
				25447B9E1D59B2660099F091 /* Debug */,
				25447B9F1D59B2660099F091 /* Release */,
			);
			defaultConfigurationIsVisible = 0;
			defaultConfigurationName = Release;
		};
		25447BA01D59B2660099F091 /* Build configuration list for PBXNativeTarget "JJScanner" */ = {
			isa = XCConfigurationList;
			buildConfigurations = (
				25447BA11D59B2660099F091 /* Debug */,
				25447BA21D59B2660099F091 /* Release */,
			);
			defaultConfigurationIsVisible = 0;
			defaultConfigurationName = Release;
		};
/* End XCConfigurationList section */
	};
	rootObject = 25447B8F1D59B2660099F091 /* Project object */;
}
