// !$*UTF8*$!
{
	archiveVersion = 1;
	classes = {
	};
	objectVersion = 46;
	objects = {

/* Begin PBXBuildFile section */
		25BE8D411D2F7974001463AC /* JJFormat.h in CopyFiles */ = {isa = PBXBuildFile; fileRef = 25BE8D401D2F7974001463AC /* JJFormat.h */; };
		25BE8D431D2F7974001463AC /* JJFormat.m in Sources */ = {isa = PBXBuildFile; fileRef = 25BE8D421D2F7974001463AC /* JJFormat.m */; };
		25BE8D6D1D2F7A6E001463AC /* JJFormat.h in Headers */ = {isa = PBXBuildFile; fileRef = 25BE8D401D2F7974001463AC /* JJFormat.h */; settings = {ATTRIBUTES = (Public, ); }; };
/* End PBXBuildFile section */

/* Begin PBXCopyFilesBuildPhase section */
		25BE8D3B1D2F7974001463AC /* CopyFiles */ = {
			isa = PBXCopyFilesBuildPhase;
			buildActionMask = 2147483647;
			dstPath = "include/$(PRODUCT_NAME)";
			dstSubfolderSpec = 16;
			files = (
				25BE8D411D2F7974001463AC /* JJFormat.h in CopyFiles */,
			);
			runOnlyForDeploymentPostprocessing = 0;
		};
/* End PBXCopyFilesBuildPhase section */

/* Begin PBXFileReference section */
		25BE8D3D1D2F7974001463AC /* libJJFormat.a */ = {isa = PBXFileReference; explicitFileType = archive.ar; includeInIndex = 0; path = libJJFormat.a; sourceTree = BUILT_PRODUCTS_DIR; };
		25BE8D401D2F7974001463AC /* JJFormat.h */ = {isa = PBXFileReference; lastKnownFileType = sourcecode.c.h; path = JJFormat.h; sourceTree = "<group>"; };
		25BE8D421D2F7974001463AC /* JJFormat.m */ = {isa = PBXFileReference; lastKnownFileType = sourcecode.c.objc; path = JJFormat.m; sourceTree = "<group>"; };
/* End PBXFileReference section */

/* Begin PBXFrameworksBuildPhase section */
		25BE8D3A1D2F7974001463AC /* Frameworks */ = {
			isa = PBXFrameworksBuildPhase;
			buildActionMask = 2147483647;
			files = (
			);
			runOnlyForDeploymentPostprocessing = 0;
		};
/* End PBXFrameworksBuildPhase section */

/* Begin PBXGroup section */
		25BE8D341D2F7974001463AC = {
			isa = PBXGroup;
			children = (
				25BE8D3F1D2F7974001463AC /* JJFormat */,
				25BE8D3E1D2F7974001463AC /* Products */,
			);
			sourceTree = "<group>";
		};
		25BE8D3E1D2F7974001463AC /* Products */ = {
			isa = PBXGroup;
			children = (
				25BE8D3D1D2F7974001463AC /* libJJFormat.a */,
			);
			name = Products;
			sourceTree = "<group>";
		};
		25BE8D3F1D2F7974001463AC /* JJFormat */ = {
			isa = PBXGroup;
			children = (
				25BE8D401D2F7974001463AC /* JJFormat.h */,
				25BE8D421D2F7974001463AC /* JJFormat.m */,
			);
			path = JJFormat;
			sourceTree = "<group>";
		};
/* End PBXGroup section */

/* Begin PBXHeadersBuildPhase section */
		25BE8D6C1D2F7A67001463AC /* Headers */ = {
			isa = PBXHeadersBuildPhase;
			buildActionMask = 2147483647;
			files = (
				25BE8D6D1D2F7A6E001463AC /* JJFormat.h in Headers */,
			);
			runOnlyForDeploymentPostprocessing = 0;
		};
/* End PBXHeadersBuildPhase section */

/* Begin PBXNativeTarget section */
		25BE8D3C1D2F7974001463AC /* JJFormat */ = {
			isa = PBXNativeTarget;
			buildConfigurationList = 25BE8D461D2F7974001463AC /* Build configuration list for PBXNativeTarget "JJFormat" */;
			buildPhases = (
				25BE8D391D2F7974001463AC /* Sources */,
				25BE8D3A1D2F7974001463AC /* Frameworks */,
				25BE8D3B1D2F7974001463AC /* CopyFiles */,
				25BE8D6C1D2F7A67001463AC /* Headers */,
			);
			buildRules = (
			);
			dependencies = (
			);
			name = JJFormat;
			productName = JJFormat;
			productReference = 25BE8D3D1D2F7974001463AC /* libJJFormat.a */;
			productType = "com.apple.product-type.library.static";
		};
/* End PBXNativeTarget section */

/* Begin PBXProject section */
		25BE8D351D2F7974001463AC /* Project object */ = {
			isa = PBXProject;
			attributes = {
				LastUpgradeCheck = 0730;
				ORGANIZATIONNAME = jjboybaidu;
				TargetAttributes = {
					25BE8D3C1D2F7974001463AC = {
						CreatedOnToolsVersion = 7.3;
					};
				};
			};
			buildConfigurationList = 25BE8D381D2F7974001463AC /* Build configuration list for PBXProject "JJFormat" */;
			compatibilityVersion = "Xcode 3.2";
			developmentRegion = English;
			hasScannedForEncodings = 0;
			knownRegions = (
				en,
			);
			mainGroup = 25BE8D341D2F7974001463AC;
			productRefGroup = 25BE8D3E1D2F7974001463AC /* Products */;
			projectDirPath = "";
			projectRoot = "";
			targets = (
				25BE8D3C1D2F7974001463AC /* JJFormat */,
			);
		};
/* End PBXProject section */

/* Begin PBXSourcesBuildPhase section */
		25BE8D391D2F7974001463AC /* Sources */ = {
			isa = PBXSourcesBuildPhase;
			buildActionMask = 2147483647;
			files = (
				25BE8D431D2F7974001463AC /* JJFormat.m in Sources */,
			);
			runOnlyForDeploymentPostprocessing = 0;
		};
/* End PBXSourcesBuildPhase section */

/* Begin XCBuildConfiguration section */
		25BE8D441D2F7974001463AC /* Debug */ = {
			isa = XCBuildConfiguration;
			buildSettings = {
				ALWAYS_SEARCH_USER_PATHS = NO;
				CLANG_ANALYZER_NONNULL = YES;
				CLANG_CXX_LANGUAGE_STANDARD = "gnu++0x";
				CLANG_CXX_LIBRARY = "libc++";
				CLANG_ENABLE_MODULES = YES;
				CLANG_ENABLE_OBJC_ARC = YES;
				CLANG_WARN_BOOL_CONVERSION = YES;
				CLANG_WARN_CONSTANT_CONVERSION = YES;
				CLANG_WARN_DIRECT_OBJC_ISA_USAGE = YES_ERROR;
				CLANG_WARN_EMPTY_BODY = YES;
				CLANG_WARN_ENUM_CONVERSION = YES;
				CLANG_WARN_INT_CONVERSION = YES;
				CLANG_WARN_OBJC_ROOT_CLASS = YES_ERROR;
				CLANG_WARN_UNREACHABLE_CODE = YES;
				CLANG_WARN__DUPLICATE_METHOD_MATCH = YES;
				"CODE_SIGN_IDENTITY[sdk=iphoneos*]" = "iPhone Developer";
				COPY_PHASE_STRIP = NO;
				DEBUG_INFORMATION_FORMAT = dwarf;
				ENABLE_STRICT_OBJC_MSGSEND = YES;
				ENABLE_TESTABILITY = YES;
				GCC_C_LANGUAGE_STANDARD = gnu99;
				GCC_DYNAMIC_NO_PIC = NO;
				GCC_NO_COMMON_BLOCKS = YES;
				GCC_OPTIMIZATION_LEVEL = 0;
				GCC_PREPROCESSOR_DEFINITIONS = (
					"DEBUG=1",
					"$(inherited)",
				);
				GCC_WARN_64_TO_32_BIT_CONVERSION = YES;
				GCC_WARN_ABOUT_RETURN_TYPE = YES_ERROR;
				GCC_WARN_UNDECLARED_SELECTOR = YES;
				GCC_WARN_UNINITIALIZED_AUTOS = YES_AGGRESSIVE;
				GCC_WARN_UNUSED_FUNCTION = YES;
				GCC_WARN_UNUSED_VARIABLE = YES;
				IPHONEOS_DEPLOYMENT_TARGET = 9.3;
				MTL_ENABLE_DEBUG_INFO = YES;
				ONLY_ACTIVE_ARCH = YES;
				SDKROOT = iphoneos;
			};
			name = Debug;
		};
		25BE8D451D2F7974001463AC /* Release */ = {
			isa = XCBuildConfiguration;
			buildSettings = {
				ALWAYS_SEARCH_USER_PATHS = NO;
				CLANG_ANALYZER_NONNULL = YES;
				CLANG_CXX_LANGUAGE_STANDARD = "gnu++0x";
				CLANG_CXX_LIBRARY = "libc++";
				CLANG_ENABLE_MODULES = YES;
				CLANG_ENABLE_OBJC_ARC = YES;
				CLANG_WARN_BOOL_CONVERSION = YES;
				CLANG_WARN_CONSTANT_CONVERSION = YES;
				CLANG_WARN_DIRECT_OBJC_ISA_USAGE = YES_ERROR;
				CLANG_WARN_EMPTY_BODY = YES;
				CLANG_WARN_ENUM_CONVERSION = YES;
				CLANG_WARN_INT_CONVERSION = YES;
				CLANG_WARN_OBJC_ROOT_CLASS = YES_ERROR;
				CLANG_WARN_UNREACHABLE_CODE = YES;
				CLANG_WARN__DUPLICATE_METHOD_MATCH = YES;
				"CODE_SIGN_IDENTITY[sdk=iphoneos*]" = "iPhone Developer";
				COPY_PHASE_STRIP = NO;
				DEBUG_INFORMATION_FORMAT = "dwarf-with-dsym";
				ENABLE_NS_ASSERTIONS = NO;
				ENABLE_STRICT_OBJC_MSGSEND = YES;
				GCC_C_LANGUAGE_STANDARD = gnu99;
				GCC_NO_COMMON_BLOCKS = YES;
				GCC_WARN_64_TO_32_BIT_CONVERSION = YES;
				GCC_WARN_ABOUT_RETURN_TYPE = YES_ERROR;
				GCC_WARN_UNDECLARED_SELECTOR = YES;
				GCC_WARN_UNINITIALIZED_AUTOS = YES_AGGRESSIVE;
				GCC_WARN_UNUSED_FUNCTION = YES;
				GCC_WARN_UNUSED_VARIABLE = YES;
				IPHONEOS_DEPLOYMENT_TARGET = 9.3;
				MTL_ENABLE_DEBUG_INFO = NO;
				SDKROOT = iphoneos;
				VALIDATE_PRODUCT = YES;
			};
			name = Release;
		};
		25BE8D471D2F7974001463AC /* Debug */ = {
			isa = XCBuildConfiguration;
			buildSettings = {
				OTHER_LDFLAGS = "-ObjC";
				PRODUCT_NAME = "$(TARGET_NAME)";
				SKIP_INSTALL = YES;
			};
			name = Debug;
		};
		25BE8D481D2F7974001463AC /* Release */ = {
			isa = XCBuildConfiguration;
			buildSettings = {
				OTHER_LDFLAGS = "-ObjC";
				PRODUCT_NAME = "$(TARGET_NAME)";
				SKIP_INSTALL = YES;
			};
			name = Release;
		};
/* End XCBuildConfiguration section */

/* Begin XCConfigurationList section */
		25BE8D381D2F7974001463AC /* Build configuration list for PBXProject "JJFormat" */ = {
			isa = XCConfigurationList;
			buildConfigurations = (
				25BE8D441D2F7974001463AC /* Debug */,
				25BE8D451D2F7974001463AC /* Release */,
			);
			defaultConfigurationIsVisible = 0;
			defaultConfigurationName = Release;
		};
		25BE8D461D2F7974001463AC /* Build configuration list for PBXNativeTarget "JJFormat" */ = {
			isa = XCConfigurationList;
			buildConfigurations = (
				25BE8D471D2F7974001463AC /* Debug */,
				25BE8D481D2F7974001463AC /* Release */,
			);
			defaultConfigurationIsVisible = 0;
			defaultConfigurationName = Release;
		};
/* End XCConfigurationList section */
	};
	rootObject = 25BE8D351D2F7974001463AC /* Project object */;
}
