// !$*UTF8*$!
{
	archiveVersion = 1;
	classes = {
	};
	objectVersion = 46;
	objects = {

/* Begin PBXBuildFile section */
		2556043A1D34C173004B433D /* JJCoreMotion.h in CopyFiles */ = {isa = PBXBuildFile; fileRef = 255604391D34C173004B433D /* JJCoreMotion.h */; };
		2556043C1D34C173004B433D /* JJCoreMotion.m in Sources */ = {isa = PBXBuildFile; fileRef = 2556043B1D34C173004B433D /* JJCoreMotion.m */; };
/* End PBXBuildFile section */

/* Begin PBXCopyFilesBuildPhase section */
		255604341D34C173004B433D /* CopyFiles */ = {
			isa = PBXCopyFilesBuildPhase;
			buildActionMask = 2147483647;
			dstPath = "include/$(PRODUCT_NAME)";
			dstSubfolderSpec = 16;
			files = (
				2556043A1D34C173004B433D /* JJCoreMotion.h in CopyFiles */,
			);
			runOnlyForDeploymentPostprocessing = 0;
		};
/* End PBXCopyFilesBuildPhase section */

/* Begin PBXFileReference section */
		255604361D34C173004B433D /* libJJCoreMotion.a */ = {isa = PBXFileReference; explicitFileType = archive.ar; includeInIndex = 0; path = libJJCoreMotion.a; sourceTree = BUILT_PRODUCTS_DIR; };
		255604391D34C173004B433D /* JJCoreMotion.h */ = {isa = PBXFileReference; lastKnownFileType = sourcecode.c.h; path = JJCoreMotion.h; sourceTree = "<group>"; };
		2556043B1D34C173004B433D /* JJCoreMotion.m */ = {isa = PBXFileReference; lastKnownFileType = sourcecode.c.objc; path = JJCoreMotion.m; sourceTree = "<group>"; };
/* End PBXFileReference section */

/* Begin PBXFrameworksBuildPhase section */
		255604331D34C173004B433D /* Frameworks */ = {
			isa = PBXFrameworksBuildPhase;
			buildActionMask = 2147483647;
			files = (
			);
			runOnlyForDeploymentPostprocessing = 0;
		};
/* End PBXFrameworksBuildPhase section */

/* Begin PBXGroup section */
		2556042D1D34C173004B433D = {
			isa = PBXGroup;
			children = (
				255604381D34C173004B433D /* JJCoreMotion */,
				255604371D34C173004B433D /* Products */,
			);
			sourceTree = "<group>";
		};
		255604371D34C173004B433D /* Products */ = {
			isa = PBXGroup;
			children = (
				255604361D34C173004B433D /* libJJCoreMotion.a */,
			);
			name = Products;
			sourceTree = "<group>";
		};
		255604381D34C173004B433D /* JJCoreMotion */ = {
			isa = PBXGroup;
			children = (
				255604391D34C173004B433D /* JJCoreMotion.h */,
				2556043B1D34C173004B433D /* JJCoreMotion.m */,
			);
			path = JJCoreMotion;
			sourceTree = "<group>";
		};
/* End PBXGroup section */

/* Begin PBXNativeTarget section */
		255604351D34C173004B433D /* JJCoreMotion */ = {
			isa = PBXNativeTarget;
			buildConfigurationList = 2556043F1D34C173004B433D /* Build configuration list for PBXNativeTarget "JJCoreMotion" */;
			buildPhases = (
				255604321D34C173004B433D /* Sources */,
				255604331D34C173004B433D /* Frameworks */,
				255604341D34C173004B433D /* CopyFiles */,
			);
			buildRules = (
			);
			dependencies = (
			);
			name = JJCoreMotion;
			productName = JJCoreMotion;
			productReference = 255604361D34C173004B433D /* libJJCoreMotion.a */;
			productType = "com.apple.product-type.library.static";
		};
/* End PBXNativeTarget section */

/* Begin PBXProject section */
		2556042E1D34C173004B433D /* Project object */ = {
			isa = PBXProject;
			attributes = {
				LastUpgradeCheck = 0730;
				ORGANIZATIONNAME = farbell;
				TargetAttributes = {
					255604351D34C173004B433D = {
						CreatedOnToolsVersion = 7.3;
					};
				};
			};
			buildConfigurationList = 255604311D34C173004B433D /* Build configuration list for PBXProject "JJCoreMotion" */;
			compatibilityVersion = "Xcode 3.2";
			developmentRegion = English;
			hasScannedForEncodings = 0;
			knownRegions = (
				en,
			);
			mainGroup = 2556042D1D34C173004B433D;
			productRefGroup = 255604371D34C173004B433D /* Products */;
			projectDirPath = "";
			projectRoot = "";
			targets = (
				255604351D34C173004B433D /* JJCoreMotion */,
			);
		};
/* End PBXProject section */

/* Begin PBXSourcesBuildPhase section */
		255604321D34C173004B433D /* Sources */ = {
			isa = PBXSourcesBuildPhase;
			buildActionMask = 2147483647;
			files = (
				2556043C1D34C173004B433D /* JJCoreMotion.m in Sources */,
			);
			runOnlyForDeploymentPostprocessing = 0;
		};
/* End PBXSourcesBuildPhase section */

/* Begin XCBuildConfiguration section */
		2556043D1D34C173004B433D /* Debug */ = {
			isa = XCBuildConfiguration;
			buildSettings = {
				ALWAYS_SEARCH_USER_PATHS = NO;
				CLANG_ANALYZER_NONNULL = YES;
				CLANG_CXX_LANGUAGE_STANDARD = "gnu++0x";
				CLANG_CXX_LIBRARY = "libc++";
				CLANG_ENABLE_MODULES = YES;
				CLANG_ENABLE_OBJC_ARC = YES;
				CLANG_WARN_BOOL_CONVERSION = YES;
				CLANG_WARN_CONSTANT_CONVERSION = YES;
				CLANG_WARN_DIRECT_OBJC_ISA_USAGE = YES_ERROR;
				CLANG_WARN_EMPTY_BODY = YES;
				CLANG_WARN_ENUM_CONVERSION = YES;
				CLANG_WARN_INT_CONVERSION = YES;
				CLANG_WARN_OBJC_ROOT_CLASS = YES_ERROR;
				CLANG_WARN_UNREACHABLE_CODE = YES;
				CLANG_WARN__DUPLICATE_METHOD_MATCH = YES;
				"CODE_SIGN_IDENTITY[sdk=iphoneos*]" = "iPhone Developer";
				COPY_PHASE_STRIP = NO;
				DEBUG_INFORMATION_FORMAT = dwarf;
				ENABLE_STRICT_OBJC_MSGSEND = YES;
				ENABLE_TESTABILITY = YES;
				GCC_C_LANGUAGE_STANDARD = gnu99;
				GCC_DYNAMIC_NO_PIC = NO;
				GCC_NO_COMMON_BLOCKS = YES;
				GCC_OPTIMIZATION_LEVEL = 0;
				GCC_PREPROCESSOR_DEFINITIONS = (
					"DEBUG=1",
					"$(inherited)",
				);
				GCC_WARN_64_TO_32_BIT_CONVERSION = YES;
				GCC_WARN_ABOUT_RETURN_TYPE = YES_ERROR;
				GCC_WARN_UNDECLARED_SELECTOR = YES;
				GCC_WARN_UNINITIALIZED_AUTOS = YES_AGGRESSIVE;
				GCC_WARN_UNUSED_FUNCTION = YES;
				GCC_WARN_UNUSED_VARIABLE = YES;
				IPHONEOS_DEPLOYMENT_TARGET = 9.3;
				MTL_ENABLE_DEBUG_INFO = YES;
				ONLY_ACTIVE_ARCH = YES;
				SDKROOT = iphoneos;
			};
			name = Debug;
		};
		2556043E1D34C173004B433D /* Release */ = {
			isa = XCBuildConfiguration;
			buildSettings = {
				ALWAYS_SEARCH_USER_PATHS = NO;
				CLANG_ANALYZER_NONNULL = YES;
				CLANG_CXX_LANGUAGE_STANDARD = "gnu++0x";
				CLANG_CXX_LIBRARY = "libc++";
				CLANG_ENABLE_MODULES = YES;
				CLANG_ENABLE_OBJC_ARC = YES;
				CLANG_WARN_BOOL_CONVERSION = YES;
				CLANG_WARN_CONSTANT_CONVERSION = YES;
				CLANG_WARN_DIRECT_OBJC_ISA_USAGE = YES_ERROR;
				CLANG_WARN_EMPTY_BODY = YES;
				CLANG_WARN_ENUM_CONVERSION = YES;
				CLANG_WARN_INT_CONVERSION = YES;
				CLANG_WARN_OBJC_ROOT_CLASS = YES_ERROR;
				CLANG_WARN_UNREACHABLE_CODE = YES;
				CLANG_WARN__DUPLICATE_METHOD_MATCH = YES;
				"CODE_SIGN_IDENTITY[sdk=iphoneos*]" = "iPhone Developer";
				COPY_PHASE_STRIP = NO;
				DEBUG_INFORMATION_FORMAT = "dwarf-with-dsym";
				ENABLE_NS_ASSERTIONS = NO;
				ENABLE_STRICT_OBJC_MSGSEND = YES;
				GCC_C_LANGUAGE_STANDARD = gnu99;
				GCC_NO_COMMON_BLOCKS = YES;
				GCC_WARN_64_TO_32_BIT_CONVERSION = YES;
				GCC_WARN_ABOUT_RETURN_TYPE = YES_ERROR;
				GCC_WARN_UNDECLARED_SELECTOR = YES;
				GCC_WARN_UNINITIALIZED_AUTOS = YES_AGGRESSIVE;
				GCC_WARN_UNUSED_FUNCTION = YES;
				GCC_WARN_UNUSED_VARIABLE = YES;
				IPHONEOS_DEPLOYMENT_TARGET = 9.3;
				MTL_ENABLE_DEBUG_INFO = NO;
				SDKROOT = iphoneos;
				VALIDATE_PRODUCT = YES;
			};
			name = Release;
		};
		255604401D34C173004B433D /* Debug */ = {
			isa = XCBuildConfiguration;
			buildSettings = {
				OTHER_LDFLAGS = "-ObjC";
				PRODUCT_NAME = "$(TARGET_NAME)";
				SKIP_INSTALL = YES;
			};
			name = Debug;
		};
		255604411D34C173004B433D /* Release */ = {
			isa = XCBuildConfiguration;
			buildSettings = {
				OTHER_LDFLAGS = "-ObjC";
				PRODUCT_NAME = "$(TARGET_NAME)";
				SKIP_INSTALL = YES;
			};
			name = Release;
		};
/* End XCBuildConfiguration section */

/* Begin XCConfigurationList section */
		255604311D34C173004B433D /* Build configuration list for PBXProject "JJCoreMotion" */ = {
			isa = XCConfigurationList;
			buildConfigurations = (
				2556043D1D34C173004B433D /* Debug */,
				2556043E1D34C173004B433D /* Release */,
			);
			defaultConfigurationIsVisible = 0;
			defaultConfigurationName = Release;
		};
		2556043F1D34C173004B433D /* Build configuration list for PBXNativeTarget "JJCoreMotion" */ = {
			isa = XCConfigurationList;
			buildConfigurations = (
				255604401D34C173004B433D /* Debug */,
				255604411D34C173004B433D /* Release */,
			);
			defaultConfigurationIsVisible = 0;
		};
/* End XCConfigurationList section */
	};
	rootObject = 2556042E1D34C173004B433D /* Project object */;
}
