// !$*UTF8*$!
{
	archiveVersion = 1;
	classes = {
	};
	objectVersion = 46;
	objects = {

/* Begin PBXBuildFile section */
		2519A6001D3DA84E00625502 /* JJRunLoopObserver.h in CopyFiles */ = {isa = PBXBuildFile; fileRef = 2519A5FF1D3DA84E00625502 /* JJRunLoopObserver.h */; };
		2519A6021D3DA84E00625502 /* JJRunLoopObserver.m in Sources */ = {isa = PBXBuildFile; fileRef = 2519A6011D3DA84E00625502 /* JJRunLoopObserver.m */; };
/* End PBXBuildFile section */

/* Begin PBXCopyFilesBuildPhase section */
		2519A5FA1D3DA84E00625502 /* CopyFiles */ = {
			isa = PBXCopyFilesBuildPhase;
			buildActionMask = 2147483647;
			dstPath = "include/$(PRODUCT_NAME)";
			dstSubfolderSpec = 16;
			files = (
				2519A6001D3DA84E00625502 /* JJRunLoopObserver.h in CopyFiles */,
			);
			runOnlyForDeploymentPostprocessing = 0;
		};
/* End PBXCopyFilesBuildPhase section */

/* Begin PBXFileReference section */
		2519A5FC1D3DA84E00625502 /* libJJRunLoopObserver.a */ = {isa = PBXFileReference; explicitFileType = archive.ar; includeInIndex = 0; path = libJJRunLoopObserver.a; sourceTree = BUILT_PRODUCTS_DIR; };
		2519A5FF1D3DA84E00625502 /* JJRunLoopObserver.h */ = {isa = PBXFileReference; lastKnownFileType = sourcecode.c.h; path = JJRunLoopObserver.h; sourceTree = "<group>"; };
		2519A6011D3DA84E00625502 /* JJRunLoopObserver.m */ = {isa = PBXFileReference; lastKnownFileType = sourcecode.c.objc; path = JJRunLoopObserver.m; sourceTree = "<group>"; };
/* End PBXFileReference section */

/* Begin PBXFrameworksBuildPhase section */
		2519A5F91D3DA84E00625502 /* Frameworks */ = {
			isa = PBXFrameworksBuildPhase;
			buildActionMask = 2147483647;
			files = (
			);
			runOnlyForDeploymentPostprocessing = 0;
		};
/* End PBXFrameworksBuildPhase section */

/* Begin PBXGroup section */
		2519A5F31D3DA84E00625502 = {
			isa = PBXGroup;
			children = (
				2519A5FE1D3DA84E00625502 /* JJRunLoopObserver */,
				2519A5FD1D3DA84E00625502 /* Products */,
			);
			sourceTree = "<group>";
		};
		2519A5FD1D3DA84E00625502 /* Products */ = {
			isa = PBXGroup;
			children = (
				2519A5FC1D3DA84E00625502 /* libJJRunLoopObserver.a */,
			);
			name = Products;
			sourceTree = "<group>";
		};
		2519A5FE1D3DA84E00625502 /* JJRunLoopObserver */ = {
			isa = PBXGroup;
			children = (
				2519A5FF1D3DA84E00625502 /* JJRunLoopObserver.h */,
				2519A6011D3DA84E00625502 /* JJRunLoopObserver.m */,
			);
			path = JJRunLoopObserver;
			sourceTree = "<group>";
		};
/* End PBXGroup section */

/* Begin PBXNativeTarget section */
		2519A5FB1D3DA84E00625502 /* JJRunLoopObserver */ = {
			isa = PBXNativeTarget;
			buildConfigurationList = 2519A6051D3DA84E00625502 /* Build configuration list for PBXNativeTarget "JJRunLoopObserver" */;
			buildPhases = (
				2519A5F81D3DA84E00625502 /* Sources */,
				2519A5F91D3DA84E00625502 /* Frameworks */,
				2519A5FA1D3DA84E00625502 /* CopyFiles */,
			);
			buildRules = (
			);
			dependencies = (
			);
			name = JJRunLoopObserver;
			productName = JJRunLoopObserver;
			productReference = 2519A5FC1D3DA84E00625502 /* libJJRunLoopObserver.a */;
			productType = "com.apple.product-type.library.static";
		};
/* End PBXNativeTarget section */

/* Begin PBXProject section */
		2519A5F41D3DA84E00625502 /* Project object */ = {
			isa = PBXProject;
			attributes = {
				LastUpgradeCheck = 0730;
				ORGANIZATIONNAME = farbell;
				TargetAttributes = {
					2519A5FB1D3DA84E00625502 = {
						CreatedOnToolsVersion = 7.3;
					};
				};
			};
			buildConfigurationList = 2519A5F71D3DA84E00625502 /* Build configuration list for PBXProject "JJRunLoopObserver" */;
			compatibilityVersion = "Xcode 3.2";
			developmentRegion = English;
			hasScannedForEncodings = 0;
			knownRegions = (
				en,
			);
			mainGroup = 2519A5F31D3DA84E00625502;
			productRefGroup = 2519A5FD1D3DA84E00625502 /* Products */;
			projectDirPath = "";
			projectRoot = "";
			targets = (
				2519A5FB1D3DA84E00625502 /* JJRunLoopObserver */,
			);
		};
/* End PBXProject section */

/* Begin PBXSourcesBuildPhase section */
		2519A5F81D3DA84E00625502 /* Sources */ = {
			isa = PBXSourcesBuildPhase;
			buildActionMask = 2147483647;
			files = (
				2519A6021D3DA84E00625502 /* JJRunLoopObserver.m in Sources */,
			);
			runOnlyForDeploymentPostprocessing = 0;
		};
/* End PBXSourcesBuildPhase section */

/* Begin XCBuildConfiguration section */
		2519A6031D3DA84E00625502 /* Debug */ = {
			isa = XCBuildConfiguration;
			buildSettings = {
				ALWAYS_SEARCH_USER_PATHS = NO;
				CLANG_ANALYZER_NONNULL = YES;
				CLANG_CXX_LANGUAGE_STANDARD = "gnu++0x";
				CLANG_CXX_LIBRARY = "libc++";
				CLANG_ENABLE_MODULES = YES;
				CLANG_ENABLE_OBJC_ARC = YES;
				CLANG_WARN_BOOL_CONVERSION = YES;
				CLANG_WARN_CONSTANT_CONVERSION = YES;
				CLANG_WARN_DIRECT_OBJC_ISA_USAGE = YES_ERROR;
				CLANG_WARN_EMPTY_BODY = YES;
				CLANG_WARN_ENUM_CONVERSION = YES;
				CLANG_WARN_INT_CONVERSION = YES;
				CLANG_WARN_OBJC_ROOT_CLASS = YES_ERROR;
				CLANG_WARN_UNREACHABLE_CODE = YES;
				CLANG_WARN__DUPLICATE_METHOD_MATCH = YES;
				"CODE_SIGN_IDENTITY[sdk=iphoneos*]" = "iPhone Developer";
				COPY_PHASE_STRIP = NO;
				DEBUG_INFORMATION_FORMAT = dwarf;
				ENABLE_STRICT_OBJC_MSGSEND = YES;
				ENABLE_TESTABILITY = YES;
				GCC_C_LANGUAGE_STANDARD = gnu99;
				GCC_DYNAMIC_NO_PIC = NO;
				GCC_NO_COMMON_BLOCKS = YES;
				GCC_OPTIMIZATION_LEVEL = 0;
				GCC_PREPROCESSOR_DEFINITIONS = (
					"DEBUG=1",
					"$(inherited)",
				);
				GCC_WARN_64_TO_32_BIT_CONVERSION = YES;
				GCC_WARN_ABOUT_RETURN_TYPE = YES_ERROR;
				GCC_WARN_UNDECLARED_SELECTOR = YES;
				GCC_WARN_UNINITIALIZED_AUTOS = YES_AGGRESSIVE;
				GCC_WARN_UNUSED_FUNCTION = YES;
				GCC_WARN_UNUSED_VARIABLE = YES;
				IPHONEOS_DEPLOYMENT_TARGET = 9.3;
				MTL_ENABLE_DEBUG_INFO = YES;
				ONLY_ACTIVE_ARCH = YES;
				SDKROOT = iphoneos;
			};
			name = Debug;
		};
		2519A6041D3DA84E00625502 /* Release */ = {
			isa = XCBuildConfiguration;
			buildSettings = {
				ALWAYS_SEARCH_USER_PATHS = NO;
				CLANG_ANALYZER_NONNULL = YES;
				CLANG_CXX_LANGUAGE_STANDARD = "gnu++0x";
				CLANG_CXX_LIBRARY = "libc++";
				CLANG_ENABLE_MODULES = YES;
				CLANG_ENABLE_OBJC_ARC = YES;
				CLANG_WARN_BOOL_CONVERSION = YES;
				CLANG_WARN_CONSTANT_CONVERSION = YES;
				CLANG_WARN_DIRECT_OBJC_ISA_USAGE = YES_ERROR;
				CLANG_WARN_EMPTY_BODY = YES;
				CLANG_WARN_ENUM_CONVERSION = YES;
				CLANG_WARN_INT_CONVERSION = YES;
				CLANG_WARN_OBJC_ROOT_CLASS = YES_ERROR;
				CLANG_WARN_UNREACHABLE_CODE = YES;
				CLANG_WARN__DUPLICATE_METHOD_MATCH = YES;
				"CODE_SIGN_IDENTITY[sdk=iphoneos*]" = "iPhone Developer";
				COPY_PHASE_STRIP = NO;
				DEBUG_INFORMATION_FORMAT = "dwarf-with-dsym";
				ENABLE_NS_ASSERTIONS = NO;
				ENABLE_STRICT_OBJC_MSGSEND = YES;
				GCC_C_LANGUAGE_STANDARD = gnu99;
				GCC_NO_COMMON_BLOCKS = YES;
				GCC_WARN_64_TO_32_BIT_CONVERSION = YES;
				GCC_WARN_ABOUT_RETURN_TYPE = YES_ERROR;
				GCC_WARN_UNDECLARED_SELECTOR = YES;
				GCC_WARN_UNINITIALIZED_AUTOS = YES_AGGRESSIVE;
				GCC_WARN_UNUSED_FUNCTION = YES;
				GCC_WARN_UNUSED_VARIABLE = YES;
				IPHONEOS_DEPLOYMENT_TARGET = 9.3;
				MTL_ENABLE_DEBUG_INFO = NO;
				SDKROOT = iphoneos;
				VALIDATE_PRODUCT = YES;
			};
			name = Release;
		};
		2519A6061D3DA84E00625502 /* Debug */ = {
			isa = XCBuildConfiguration;
			buildSettings = {
				OTHER_LDFLAGS = "-ObjC";
				PRODUCT_NAME = "$(TARGET_NAME)";
				SKIP_INSTALL = YES;
			};
			name = Debug;
		};
		2519A6071D3DA84E00625502 /* Release */ = {
			isa = XCBuildConfiguration;
			buildSettings = {
				OTHER_LDFLAGS = "-ObjC";
				PRODUCT_NAME = "$(TARGET_NAME)";
				SKIP_INSTALL = YES;
			};
			name = Release;
		};
/* End XCBuildConfiguration section */

/* Begin XCConfigurationList section */
		2519A5F71D3DA84E00625502 /* Build configuration list for PBXProject "JJRunLoopObserver" */ = {
			isa = XCConfigurationList;
			buildConfigurations = (
				2519A6031D3DA84E00625502 /* Debug */,
				2519A6041D3DA84E00625502 /* Release */,
			);
			defaultConfigurationIsVisible = 0;
			defaultConfigurationName = Release;
		};
		2519A6051D3DA84E00625502 /* Build configuration list for PBXNativeTarget "JJRunLoopObserver" */ = {
			isa = XCConfigurationList;
			buildConfigurations = (
				2519A6061D3DA84E00625502 /* Debug */,
				2519A6071D3DA84E00625502 /* Release */,
			);
			defaultConfigurationIsVisible = 0;
		};
/* End XCConfigurationList section */
	};
	rootObject = 2519A5F41D3DA84E00625502 /* Project object */;
}
