// !$*UTF8*$!
{
	archiveVersion = 1;
	classes = {
	};
	objectVersion = 46;
	objects = {

/* Begin PBXBuildFile section */
		651B9DCE1D5CBBF2004EAED7 /* JJLeftView.h in CopyFiles */ = {isa = PBXBuildFile; fileRef = 651B9DCD1D5CBBF2004EAED7 /* JJLeftView.h */; };
		651B9DD01D5CBBF2004EAED7 /* JJLeftView.m in Sources */ = {isa = PBXBuildFile; fileRef = 651B9DCF1D5CBBF2004EAED7 /* JJLeftView.m */; };
		651B9DD91D5CBC91004EAED7 /* JJLeftView.h in Headers */ = {isa = PBXBuildFile; fileRef = 651B9DCD1D5CBBF2004EAED7 /* JJLeftView.h */; settings = {ATTRIBUTES = (Public, ); }; };
/* End PBXBuildFile section */

/* Begin PBXCopyFilesBuildPhase section */
		651B9DC81D5CBBF2004EAED7 /* CopyFiles */ = {
			isa = PBXCopyFilesBuildPhase;
			buildActionMask = 2147483647;
			dstPath = "include/$(PRODUCT_NAME)";
			dstSubfolderSpec = 16;
			files = (
				651B9DCE1D5CBBF2004EAED7 /* JJLeftView.h in CopyFiles */,
			);
			runOnlyForDeploymentPostprocessing = 0;
		};
/* End PBXCopyFilesBuildPhase section */

/* Begin PBXFileReference section */
		651B9DCA1D5CBBF2004EAED7 /* libJJLeftView.a */ = {isa = PBXFileReference; explicitFileType = archive.ar; includeInIndex = 0; path = libJJLeftView.a; sourceTree = BUILT_PRODUCTS_DIR; };
		651B9DCD1D5CBBF2004EAED7 /* JJLeftView.h */ = {isa = PBXFileReference; lastKnownFileType = sourcecode.c.h; path = JJLeftView.h; sourceTree = "<group>"; };
		651B9DCF1D5CBBF2004EAED7 /* JJLeftView.m */ = {isa = PBXFileReference; lastKnownFileType = sourcecode.c.objc; path = JJLeftView.m; sourceTree = "<group>"; };
/* End PBXFileReference section */

/* Begin PBXFrameworksBuildPhase section */
		651B9DC71D5CBBF2004EAED7 /* Frameworks */ = {
			isa = PBXFrameworksBuildPhase;
			buildActionMask = 2147483647;
			files = (
			);
			runOnlyForDeploymentPostprocessing = 0;
		};
/* End PBXFrameworksBuildPhase section */

/* Begin PBXGroup section */
		651B9DC11D5CBBF2004EAED7 = {
			isa = PBXGroup;
			children = (
				651B9DCC1D5CBBF2004EAED7 /* JJLeftView */,
				651B9DCB1D5CBBF2004EAED7 /* Products */,
			);
			sourceTree = "<group>";
		};
		651B9DCB1D5CBBF2004EAED7 /* Products */ = {
			isa = PBXGroup;
			children = (
				651B9DCA1D5CBBF2004EAED7 /* libJJLeftView.a */,
			);
			name = Products;
			sourceTree = "<group>";
		};
		651B9DCC1D5CBBF2004EAED7 /* JJLeftView */ = {
			isa = PBXGroup;
			children = (
				651B9DCD1D5CBBF2004EAED7 /* JJLeftView.h */,
				651B9DCF1D5CBBF2004EAED7 /* JJLeftView.m */,
			);
			path = JJLeftView;
			sourceTree = "<group>";
		};
/* End PBXGroup section */

/* Begin PBXHeadersBuildPhase section */
		651B9DD81D5CBC8B004EAED7 /* Headers */ = {
			isa = PBXHeadersBuildPhase;
			buildActionMask = 2147483647;
			files = (
				651B9DD91D5CBC91004EAED7 /* JJLeftView.h in Headers */,
			);
			runOnlyForDeploymentPostprocessing = 0;
		};
/* End PBXHeadersBuildPhase section */

/* Begin PBXNativeTarget section */
		651B9DC91D5CBBF2004EAED7 /* JJLeftView */ = {
			isa = PBXNativeTarget;
			buildConfigurationList = 651B9DD31D5CBBF2004EAED7 /* Build configuration list for PBXNativeTarget "JJLeftView" */;
			buildPhases = (
				651B9DC61D5CBBF2004EAED7 /* Sources */,
				651B9DC71D5CBBF2004EAED7 /* Frameworks */,
				651B9DC81D5CBBF2004EAED7 /* CopyFiles */,
				651B9DD81D5CBC8B004EAED7 /* Headers */,
			);
			buildRules = (
			);
			dependencies = (
			);
			name = JJLeftView;
			productName = JJLeftView;
			productReference = 651B9DCA1D5CBBF2004EAED7 /* libJJLeftView.a */;
			productType = "com.apple.product-type.library.static";
		};
/* End PBXNativeTarget section */

/* Begin PBXProject section */
		651B9DC21D5CBBF2004EAED7 /* Project object */ = {
			isa = PBXProject;
			attributes = {
				LastUpgradeCheck = 0730;
				ORGANIZATIONNAME = jjboybaidu;
				TargetAttributes = {
					651B9DC91D5CBBF2004EAED7 = {
						CreatedOnToolsVersion = 7.3;
						DevelopmentTeam = XD6MAD536B;
					};
				};
			};
			buildConfigurationList = 651B9DC51D5CBBF2004EAED7 /* Build configuration list for PBXProject "JJLeftView" */;
			compatibilityVersion = "Xcode 3.2";
			developmentRegion = English;
			hasScannedForEncodings = 0;
			knownRegions = (
				en,
			);
			mainGroup = 651B9DC11D5CBBF2004EAED7;
			productRefGroup = 651B9DCB1D5CBBF2004EAED7 /* Products */;
			projectDirPath = "";
			projectRoot = "";
			targets = (
				651B9DC91D5CBBF2004EAED7 /* JJLeftView */,
			);
		};
/* End PBXProject section */

/* Begin PBXSourcesBuildPhase section */
		651B9DC61D5CBBF2004EAED7 /* Sources */ = {
			isa = PBXSourcesBuildPhase;
			buildActionMask = 2147483647;
			files = (
				651B9DD01D5CBBF2004EAED7 /* JJLeftView.m in Sources */,
			);
			runOnlyForDeploymentPostprocessing = 0;
		};
/* End PBXSourcesBuildPhase section */

/* Begin XCBuildConfiguration section */
		651B9DD11D5CBBF2004EAED7 /* Debug */ = {
			isa = XCBuildConfiguration;
			buildSettings = {
				ALWAYS_SEARCH_USER_PATHS = NO;
				CLANG_ANALYZER_NONNULL = YES;
				CLANG_CXX_LANGUAGE_STANDARD = "gnu++0x";
				CLANG_CXX_LIBRARY = "libc++";
				CLANG_ENABLE_MODULES = YES;
				CLANG_ENABLE_OBJC_ARC = YES;
				CLANG_WARN_BOOL_CONVERSION = YES;
				CLANG_WARN_CONSTANT_CONVERSION = YES;
				CLANG_WARN_DIRECT_OBJC_ISA_USAGE = YES_ERROR;
				CLANG_WARN_EMPTY_BODY = YES;
				CLANG_WARN_ENUM_CONVERSION = YES;
				CLANG_WARN_INT_CONVERSION = YES;
				CLANG_WARN_OBJC_ROOT_CLASS = YES_ERROR;
				CLANG_WARN_UNREACHABLE_CODE = YES;
				CLANG_WARN__DUPLICATE_METHOD_MATCH = YES;
				"CODE_SIGN_IDENTITY[sdk=iphoneos*]" = "iPhone Developer";
				COPY_PHASE_STRIP = NO;
				DEBUG_INFORMATION_FORMAT = dwarf;
				ENABLE_STRICT_OBJC_MSGSEND = YES;
				ENABLE_TESTABILITY = YES;
				GCC_C_LANGUAGE_STANDARD = gnu99;
				GCC_DYNAMIC_NO_PIC = NO;
				GCC_NO_COMMON_BLOCKS = YES;
				GCC_OPTIMIZATION_LEVEL = 0;
				GCC_PREPROCESSOR_DEFINITIONS = (
					"DEBUG=1",
					"$(inherited)",
				);
				GCC_WARN_64_TO_32_BIT_CONVERSION = YES;
				GCC_WARN_ABOUT_RETURN_TYPE = YES_ERROR;
				GCC_WARN_UNDECLARED_SELECTOR = YES;
				GCC_WARN_UNINITIALIZED_AUTOS = YES_AGGRESSIVE;
				GCC_WARN_UNUSED_FUNCTION = YES;
				GCC_WARN_UNUSED_VARIABLE = YES;
				IPHONEOS_DEPLOYMENT_TARGET = 9.3;
				MTL_ENABLE_DEBUG_INFO = YES;
				ONLY_ACTIVE_ARCH = YES;
				SDKROOT = iphoneos;
			};
			name = Debug;
		};
		651B9DD21D5CBBF2004EAED7 /* Release */ = {
			isa = XCBuildConfiguration;
			buildSettings = {
				ALWAYS_SEARCH_USER_PATHS = NO;
				CLANG_ANALYZER_NONNULL = YES;
				CLANG_CXX_LANGUAGE_STANDARD = "gnu++0x";
				CLANG_CXX_LIBRARY = "libc++";
				CLANG_ENABLE_MODULES = YES;
				CLANG_ENABLE_OBJC_ARC = YES;
				CLANG_WARN_BOOL_CONVERSION = YES;
				CLANG_WARN_CONSTANT_CONVERSION = YES;
				CLANG_WARN_DIRECT_OBJC_ISA_USAGE = YES_ERROR;
				CLANG_WARN_EMPTY_BODY = YES;
				CLANG_WARN_ENUM_CONVERSION = YES;
				CLANG_WARN_INT_CONVERSION = YES;
				CLANG_WARN_OBJC_ROOT_CLASS = YES_ERROR;
				CLANG_WARN_UNREACHABLE_CODE = YES;
				CLANG_WARN__DUPLICATE_METHOD_MATCH = YES;
				"CODE_SIGN_IDENTITY[sdk=iphoneos*]" = "iPhone Developer";
				COPY_PHASE_STRIP = NO;
				DEBUG_INFORMATION_FORMAT = "dwarf-with-dsym";
				ENABLE_NS_ASSERTIONS = NO;
				ENABLE_STRICT_OBJC_MSGSEND = YES;
				GCC_C_LANGUAGE_STANDARD = gnu99;
				GCC_NO_COMMON_BLOCKS = YES;
				GCC_WARN_64_TO_32_BIT_CONVERSION = YES;
				GCC_WARN_ABOUT_RETURN_TYPE = YES_ERROR;
				GCC_WARN_UNDECLARED_SELECTOR = YES;
				GCC_WARN_UNINITIALIZED_AUTOS = YES_AGGRESSIVE;
				GCC_WARN_UNUSED_FUNCTION = YES;
				GCC_WARN_UNUSED_VARIABLE = YES;
				IPHONEOS_DEPLOYMENT_TARGET = 9.3;
				MTL_ENABLE_DEBUG_INFO = NO;
				SDKROOT = iphoneos;
				VALIDATE_PRODUCT = YES;
			};
			name = Release;
		};
		651B9DD41D5CBBF2004EAED7 /* Debug */ = {
			isa = XCBuildConfiguration;
			buildSettings = {
				OTHER_LDFLAGS = "-ObjC";
				PRODUCT_NAME = "$(TARGET_NAME)";
				SKIP_INSTALL = YES;
			};
			name = Debug;
		};
		651B9DD51D5CBBF2004EAED7 /* Release */ = {
			isa = XCBuildConfiguration;
			buildSettings = {
				OTHER_LDFLAGS = "-ObjC";
				PRODUCT_NAME = "$(TARGET_NAME)";
				SKIP_INSTALL = YES;
			};
			name = Release;
		};
/* End XCBuildConfiguration section */

/* Begin XCConfigurationList section */
		651B9DC51D5CBBF2004EAED7 /* Build configuration list for PBXProject "JJLeftView" */ = {
			isa = XCConfigurationList;
			buildConfigurations = (
				651B9DD11D5CBBF2004EAED7 /* Debug */,
				651B9DD21D5CBBF2004EAED7 /* Release */,
			);
			defaultConfigurationIsVisible = 0;
			defaultConfigurationName = Release;
		};
		651B9DD31D5CBBF2004EAED7 /* Build configuration list for PBXNativeTarget "JJLeftView" */ = {
			isa = XCConfigurationList;
			buildConfigurations = (
				651B9DD41D5CBBF2004EAED7 /* Debug */,
				651B9DD51D5CBBF2004EAED7 /* Release */,
			);
			defaultConfigurationIsVisible = 0;
			defaultConfigurationName = Release;
		};
/* End XCConfigurationList section */
	};
	rootObject = 651B9DC21D5CBBF2004EAED7 /* Project object */;
}
