// !$*UTF8*$!
{
	archiveVersion = 1;
	classes = {
	};
	objectVersion = 46;
	objects = {

/* Begin PBXBuildFile section */
		653297891D309CDA001A6CDB /* JJAddressbook.h in CopyFiles */ = {isa = PBXBuildFile; fileRef = 653297881D309CDA001A6CDB /* JJAddressbook.h */; };
		6532978B1D309CDA001A6CDB /* JJAddressbook.m in Sources */ = {isa = PBXBuildFile; fileRef = 6532978A1D309CDA001A6CDB /* JJAddressbook.m */; };
		653297941D309D9D001A6CDB /* JJAddressbookcell.m in Sources */ = {isa = PBXBuildFile; fileRef = 653297921D309D9D001A6CDB /* JJAddressbookcell.m */; };
/* End PBXBuildFile section */

/* Begin PBXCopyFilesBuildPhase section */
		653297831D309CDA001A6CDB /* CopyFiles */ = {
			isa = PBXCopyFilesBuildPhase;
			buildActionMask = 2147483647;
			dstPath = "include/$(PRODUCT_NAME)";
			dstSubfolderSpec = 16;
			files = (
				653297891D309CDA001A6CDB /* JJAddressbook.h in CopyFiles */,
			);
			runOnlyForDeploymentPostprocessing = 0;
		};
/* End PBXCopyFilesBuildPhase section */

/* Begin PBXFileReference section */
		653297851D309CDA001A6CDB /* libJJAddressbook.a */ = {isa = PBXFileReference; explicitFileType = archive.ar; includeInIndex = 0; path = libJJAddressbook.a; sourceTree = BUILT_PRODUCTS_DIR; };
		653297881D309CDA001A6CDB /* JJAddressbook.h */ = {isa = PBXFileReference; lastKnownFileType = sourcecode.c.h; path = JJAddressbook.h; sourceTree = "<group>"; };
		6532978A1D309CDA001A6CDB /* JJAddressbook.m */ = {isa = PBXFileReference; lastKnownFileType = sourcecode.c.objc; path = JJAddressbook.m; sourceTree = "<group>"; };
		653297911D309D9D001A6CDB /* JJAddressbookcell.h */ = {isa = PBXFileReference; fileEncoding = 4; lastKnownFileType = sourcecode.c.h; path = JJAddressbookcell.h; sourceTree = "<group>"; };
		653297921D309D9D001A6CDB /* JJAddressbookcell.m */ = {isa = PBXFileReference; fileEncoding = 4; lastKnownFileType = sourcecode.c.objc; path = JJAddressbookcell.m; sourceTree = "<group>"; };
		653297931D309D9D001A6CDB /* JJAddressbookcell.xib */ = {isa = PBXFileReference; fileEncoding = 4; lastKnownFileType = file.xib; path = JJAddressbookcell.xib; sourceTree = "<group>"; };
/* End PBXFileReference section */

/* Begin PBXFrameworksBuildPhase section */
		653297821D309CDA001A6CDB /* Frameworks */ = {
			isa = PBXFrameworksBuildPhase;
			buildActionMask = 2147483647;
			files = (
			);
			runOnlyForDeploymentPostprocessing = 0;
		};
/* End PBXFrameworksBuildPhase section */

/* Begin PBXGroup section */
		6532977C1D309CDA001A6CDB = {
			isa = PBXGroup;
			children = (
				653297871D309CDA001A6CDB /* JJAddressbook */,
				653297861D309CDA001A6CDB /* Products */,
			);
			sourceTree = "<group>";
		};
		653297861D309CDA001A6CDB /* Products */ = {
			isa = PBXGroup;
			children = (
				653297851D309CDA001A6CDB /* libJJAddressbook.a */,
			);
			name = Products;
			sourceTree = "<group>";
		};
		653297871D309CDA001A6CDB /* JJAddressbook */ = {
			isa = PBXGroup;
			children = (
				653297881D309CDA001A6CDB /* JJAddressbook.h */,
				6532978A1D309CDA001A6CDB /* JJAddressbook.m */,
				653297911D309D9D001A6CDB /* JJAddressbookcell.h */,
				653297921D309D9D001A6CDB /* JJAddressbookcell.m */,
				653297931D309D9D001A6CDB /* JJAddressbookcell.xib */,
			);
			path = JJAddressbook;
			sourceTree = "<group>";
		};
/* End PBXGroup section */

/* Begin PBXNativeTarget section */
		653297841D309CDA001A6CDB /* JJAddressbook */ = {
			isa = PBXNativeTarget;
			buildConfigurationList = 6532978E1D309CDA001A6CDB /* Build configuration list for PBXNativeTarget "JJAddressbook" */;
			buildPhases = (
				653297811D309CDA001A6CDB /* Sources */,
				653297821D309CDA001A6CDB /* Frameworks */,
				653297831D309CDA001A6CDB /* CopyFiles */,
			);
			buildRules = (
			);
			dependencies = (
			);
			name = JJAddressbook;
			productName = JJAddressbook;
			productReference = 653297851D309CDA001A6CDB /* libJJAddressbook.a */;
			productType = "com.apple.product-type.library.static";
		};
/* End PBXNativeTarget section */

/* Begin PBXProject section */
		6532977D1D309CDA001A6CDB /* Project object */ = {
			isa = PBXProject;
			attributes = {
				LastUpgradeCheck = 0730;
				ORGANIZATIONNAME = jjboybaidu;
				TargetAttributes = {
					653297841D309CDA001A6CDB = {
						CreatedOnToolsVersion = 7.3;
						DevelopmentTeam = XD6MAD536B;
					};
				};
			};
			buildConfigurationList = 653297801D309CDA001A6CDB /* Build configuration list for PBXProject "JJAddressbook" */;
			compatibilityVersion = "Xcode 3.2";
			developmentRegion = English;
			hasScannedForEncodings = 0;
			knownRegions = (
				en,
			);
			mainGroup = 6532977C1D309CDA001A6CDB;
			productRefGroup = 653297861D309CDA001A6CDB /* Products */;
			projectDirPath = "";
			projectRoot = "";
			targets = (
				653297841D309CDA001A6CDB /* JJAddressbook */,
			);
		};
/* End PBXProject section */

/* Begin PBXSourcesBuildPhase section */
		653297811D309CDA001A6CDB /* Sources */ = {
			isa = PBXSourcesBuildPhase;
			buildActionMask = 2147483647;
			files = (
				6532978B1D309CDA001A6CDB /* JJAddressbook.m in Sources */,
				653297941D309D9D001A6CDB /* JJAddressbookcell.m in Sources */,
			);
			runOnlyForDeploymentPostprocessing = 0;
		};
/* End PBXSourcesBuildPhase section */

/* Begin XCBuildConfiguration section */
		6532978C1D309CDA001A6CDB /* Debug */ = {
			isa = XCBuildConfiguration;
			buildSettings = {
				ALWAYS_SEARCH_USER_PATHS = NO;
				CLANG_ANALYZER_NONNULL = YES;
				CLANG_CXX_LANGUAGE_STANDARD = "gnu++0x";
				CLANG_CXX_LIBRARY = "libc++";
				CLANG_ENABLE_MODULES = YES;
				CLANG_ENABLE_OBJC_ARC = YES;
				CLANG_WARN_BOOL_CONVERSION = YES;
				CLANG_WARN_CONSTANT_CONVERSION = YES;
				CLANG_WARN_DIRECT_OBJC_ISA_USAGE = YES_ERROR;
				CLANG_WARN_EMPTY_BODY = YES;
				CLANG_WARN_ENUM_CONVERSION = YES;
				CLANG_WARN_INT_CONVERSION = YES;
				CLANG_WARN_OBJC_ROOT_CLASS = YES_ERROR;
				CLANG_WARN_UNREACHABLE_CODE = YES;
				CLANG_WARN__DUPLICATE_METHOD_MATCH = YES;
				"CODE_SIGN_IDENTITY[sdk=iphoneos*]" = "iPhone Developer";
				COPY_PHASE_STRIP = NO;
				DEBUG_INFORMATION_FORMAT = dwarf;
				ENABLE_STRICT_OBJC_MSGSEND = YES;
				ENABLE_TESTABILITY = YES;
				GCC_C_LANGUAGE_STANDARD = gnu99;
				GCC_DYNAMIC_NO_PIC = NO;
				GCC_NO_COMMON_BLOCKS = YES;
				GCC_OPTIMIZATION_LEVEL = 0;
				GCC_PREPROCESSOR_DEFINITIONS = (
					"DEBUG=1",
					"$(inherited)",
				);
				GCC_WARN_64_TO_32_BIT_CONVERSION = YES;
				GCC_WARN_ABOUT_RETURN_TYPE = YES_ERROR;
				GCC_WARN_UNDECLARED_SELECTOR = YES;
				GCC_WARN_UNINITIALIZED_AUTOS = YES_AGGRESSIVE;
				GCC_WARN_UNUSED_FUNCTION = YES;
				GCC_WARN_UNUSED_VARIABLE = YES;
				IPHONEOS_DEPLOYMENT_TARGET = 8.4;
				MTL_ENABLE_DEBUG_INFO = YES;
				ONLY_ACTIVE_ARCH = YES;
				SDKROOT = iphoneos;
			};
			name = Debug;
		};
		6532978D1D309CDA001A6CDB /* Release */ = {
			isa = XCBuildConfiguration;
			buildSettings = {
				ALWAYS_SEARCH_USER_PATHS = NO;
				CLANG_ANALYZER_NONNULL = YES;
				CLANG_CXX_LANGUAGE_STANDARD = "gnu++0x";
				CLANG_CXX_LIBRARY = "libc++";
				CLANG_ENABLE_MODULES = YES;
				CLANG_ENABLE_OBJC_ARC = YES;
				CLANG_WARN_BOOL_CONVERSION = YES;
				CLANG_WARN_CONSTANT_CONVERSION = YES;
				CLANG_WARN_DIRECT_OBJC_ISA_USAGE = YES_ERROR;
				CLANG_WARN_EMPTY_BODY = YES;
				CLANG_WARN_ENUM_CONVERSION = YES;
				CLANG_WARN_INT_CONVERSION = YES;
				CLANG_WARN_OBJC_ROOT_CLASS = YES_ERROR;
				CLANG_WARN_UNREACHABLE_CODE = YES;
				CLANG_WARN__DUPLICATE_METHOD_MATCH = YES;
				"CODE_SIGN_IDENTITY[sdk=iphoneos*]" = "iPhone Developer";
				COPY_PHASE_STRIP = NO;
				DEBUG_INFORMATION_FORMAT = "dwarf-with-dsym";
				ENABLE_NS_ASSERTIONS = NO;
				ENABLE_STRICT_OBJC_MSGSEND = YES;
				GCC_C_LANGUAGE_STANDARD = gnu99;
				GCC_NO_COMMON_BLOCKS = YES;
				GCC_WARN_64_TO_32_BIT_CONVERSION = YES;
				GCC_WARN_ABOUT_RETURN_TYPE = YES_ERROR;
				GCC_WARN_UNDECLARED_SELECTOR = YES;
				GCC_WARN_UNINITIALIZED_AUTOS = YES_AGGRESSIVE;
				GCC_WARN_UNUSED_FUNCTION = YES;
				GCC_WARN_UNUSED_VARIABLE = YES;
				IPHONEOS_DEPLOYMENT_TARGET = 8.4;
				MTL_ENABLE_DEBUG_INFO = NO;
				SDKROOT = iphoneos;
				VALIDATE_PRODUCT = YES;
			};
			name = Release;
		};
		6532978F1D309CDA001A6CDB /* Debug */ = {
			isa = XCBuildConfiguration;
			buildSettings = {
				OTHER_LDFLAGS = "-ObjC";
				PRODUCT_NAME = "$(TARGET_NAME)";
				SKIP_INSTALL = YES;
			};
			name = Debug;
		};
		653297901D309CDA001A6CDB /* Release */ = {
			isa = XCBuildConfiguration;
			buildSettings = {
				OTHER_LDFLAGS = "-ObjC";
				PRODUCT_NAME = "$(TARGET_NAME)";
				SKIP_INSTALL = YES;
			};
			name = Release;
		};
/* End XCBuildConfiguration section */

/* Begin XCConfigurationList section */
		653297801D309CDA001A6CDB /* Build configuration list for PBXProject "JJAddressbook" */ = {
			isa = XCConfigurationList;
			buildConfigurations = (
				6532978C1D309CDA001A6CDB /* Debug */,
				6532978D1D309CDA001A6CDB /* Release */,
			);
			defaultConfigurationIsVisible = 0;
			defaultConfigurationName = Release;
		};
		6532978E1D309CDA001A6CDB /* Build configuration list for PBXNativeTarget "JJAddressbook" */ = {
			isa = XCConfigurationList;
			buildConfigurations = (
				6532978F1D309CDA001A6CDB /* Debug */,
				653297901D309CDA001A6CDB /* Release */,
			);
			defaultConfigurationIsVisible = 0;
		};
/* End XCConfigurationList section */
	};
	rootObject = 6532977D1D309CDA001A6CDB /* Project object */;
}
