// !$*UTF8*$!
{
	archiveVersion = 1;
	classes = {
	};
	objectVersion = 46;
	objects = {

/* Begin PBXBuildFile section */
		25E0693A1D3708B300EA8D65 /* JJAlertController.h in CopyFiles */ = {isa = PBXBuildFile; fileRef = 25E069391D3708B300EA8D65 /* JJAlertController.h */; };
		25E0693C1D3708B300EA8D65 /* JJAlertController.m in Sources */ = {isa = PBXBuildFile; fileRef = 25E0693B1D3708B300EA8D65 /* JJAlertController.m */; };
		25E069461D370A6A00EA8D65 /* JJAlertController.h in Headers */ = {isa = PBXBuildFile; fileRef = 25E069391D3708B300EA8D65 /* JJAlertController.h */; settings = {ATTRIBUTES = (Public, ); }; };
/* End PBXBuildFile section */

/* Begin PBXCopyFilesBuildPhase section */
		25E069341D3708B300EA8D65 /* CopyFiles */ = {
			isa = PBXCopyFilesBuildPhase;
			buildActionMask = 2147483647;
			dstPath = "include/$(PRODUCT_NAME)";
			dstSubfolderSpec = 16;
			files = (
				25E0693A1D3708B300EA8D65 /* JJAlertController.h in CopyFiles */,
			);
			runOnlyForDeploymentPostprocessing = 0;
		};
/* End PBXCopyFilesBuildPhase section */

/* Begin PBXFileReference section */
		25E069361D3708B300EA8D65 /* libJJAlertController.a */ = {isa = PBXFileReference; explicitFileType = archive.ar; includeInIndex = 0; path = libJJAlertController.a; sourceTree = BUILT_PRODUCTS_DIR; };
		25E069391D3708B300EA8D65 /* JJAlertController.h */ = {isa = PBXFileReference; lastKnownFileType = sourcecode.c.h; path = JJAlertController.h; sourceTree = "<group>"; };
		25E0693B1D3708B300EA8D65 /* JJAlertController.m */ = {isa = PBXFileReference; lastKnownFileType = sourcecode.c.objc; path = JJAlertController.m; sourceTree = "<group>"; };
/* End PBXFileReference section */

/* Begin PBXFrameworksBuildPhase section */
		25E069331D3708B300EA8D65 /* Frameworks */ = {
			isa = PBXFrameworksBuildPhase;
			buildActionMask = 2147483647;
			files = (
			);
			runOnlyForDeploymentPostprocessing = 0;
		};
/* End PBXFrameworksBuildPhase section */

/* Begin PBXGroup section */
		25E0692D1D3708B300EA8D65 = {
			isa = PBXGroup;
			children = (
				25E069381D3708B300EA8D65 /* JJAlertController */,
				25E069371D3708B300EA8D65 /* Products */,
			);
			sourceTree = "<group>";
		};
		25E069371D3708B300EA8D65 /* Products */ = {
			isa = PBXGroup;
			children = (
				25E069361D3708B300EA8D65 /* libJJAlertController.a */,
			);
			name = Products;
			sourceTree = "<group>";
		};
		25E069381D3708B300EA8D65 /* JJAlertController */ = {
			isa = PBXGroup;
			children = (
				25E069391D3708B300EA8D65 /* JJAlertController.h */,
				25E0693B1D3708B300EA8D65 /* JJAlertController.m */,
			);
			path = JJAlertController;
			sourceTree = "<group>";
		};
/* End PBXGroup section */

/* Begin PBXHeadersBuildPhase section */
		25E069451D370A6600EA8D65 /* Headers */ = {
			isa = PBXHeadersBuildPhase;
			buildActionMask = 2147483647;
			files = (
				25E069461D370A6A00EA8D65 /* JJAlertController.h in Headers */,
			);
			runOnlyForDeploymentPostprocessing = 0;
		};
/* End PBXHeadersBuildPhase section */

/* Begin PBXNativeTarget section */
		25E069351D3708B300EA8D65 /* JJAlertController */ = {
			isa = PBXNativeTarget;
			buildConfigurationList = 25E0693F1D3708B300EA8D65 /* Build configuration list for PBXNativeTarget "JJAlertController" */;
			buildPhases = (
				25E069321D3708B300EA8D65 /* Sources */,
				25E069331D3708B300EA8D65 /* Frameworks */,
				25E069341D3708B300EA8D65 /* CopyFiles */,
				25E069451D370A6600EA8D65 /* Headers */,
			);
			buildRules = (
			);
			dependencies = (
			);
			name = JJAlertController;
			productName = JJAlertController;
			productReference = 25E069361D3708B300EA8D65 /* libJJAlertController.a */;
			productType = "com.apple.product-type.library.static";
		};
/* End PBXNativeTarget section */

/* Begin PBXProject section */
		25E0692E1D3708B300EA8D65 /* Project object */ = {
			isa = PBXProject;
			attributes = {
				LastUpgradeCheck = 0730;
				ORGANIZATIONNAME = farbell;
				TargetAttributes = {
					25E069351D3708B300EA8D65 = {
						CreatedOnToolsVersion = 7.3;
					};
				};
			};
			buildConfigurationList = 25E069311D3708B300EA8D65 /* Build configuration list for PBXProject "JJAlertController" */;
			compatibilityVersion = "Xcode 3.2";
			developmentRegion = English;
			hasScannedForEncodings = 0;
			knownRegions = (
				en,
			);
			mainGroup = 25E0692D1D3708B300EA8D65;
			productRefGroup = 25E069371D3708B300EA8D65 /* Products */;
			projectDirPath = "";
			projectRoot = "";
			targets = (
				25E069351D3708B300EA8D65 /* JJAlertController */,
			);
		};
/* End PBXProject section */

/* Begin PBXSourcesBuildPhase section */
		25E069321D3708B300EA8D65 /* Sources */ = {
			isa = PBXSourcesBuildPhase;
			buildActionMask = 2147483647;
			files = (
				25E0693C1D3708B300EA8D65 /* JJAlertController.m in Sources */,
			);
			runOnlyForDeploymentPostprocessing = 0;
		};
/* End PBXSourcesBuildPhase section */

/* Begin XCBuildConfiguration section */
		25E0693D1D3708B300EA8D65 /* Debug */ = {
			isa = XCBuildConfiguration;
			buildSettings = {
				ALWAYS_SEARCH_USER_PATHS = NO;
				CLANG_ANALYZER_NONNULL = YES;
				CLANG_CXX_LANGUAGE_STANDARD = "gnu++0x";
				CLANG_CXX_LIBRARY = "libc++";
				CLANG_ENABLE_MODULES = YES;
				CLANG_ENABLE_OBJC_ARC = YES;
				CLANG_WARN_BOOL_CONVERSION = YES;
				CLANG_WARN_CONSTANT_CONVERSION = YES;
				CLANG_WARN_DIRECT_OBJC_ISA_USAGE = YES_ERROR;
				CLANG_WARN_EMPTY_BODY = YES;
				CLANG_WARN_ENUM_CONVERSION = YES;
				CLANG_WARN_INT_CONVERSION = YES;
				CLANG_WARN_OBJC_ROOT_CLASS = YES_ERROR;
				CLANG_WARN_UNREACHABLE_CODE = YES;
				CLANG_WARN__DUPLICATE_METHOD_MATCH = YES;
				"CODE_SIGN_IDENTITY[sdk=iphoneos*]" = "iPhone Developer";
				COPY_PHASE_STRIP = NO;
				DEBUG_INFORMATION_FORMAT = dwarf;
				ENABLE_STRICT_OBJC_MSGSEND = YES;
				ENABLE_TESTABILITY = YES;
				GCC_C_LANGUAGE_STANDARD = gnu99;
				GCC_DYNAMIC_NO_PIC = NO;
				GCC_NO_COMMON_BLOCKS = YES;
				GCC_OPTIMIZATION_LEVEL = 0;
				GCC_PREPROCESSOR_DEFINITIONS = (
					"DEBUG=1",
					"$(inherited)",
				);
				GCC_WARN_64_TO_32_BIT_CONVERSION = YES;
				GCC_WARN_ABOUT_RETURN_TYPE = YES_ERROR;
				GCC_WARN_UNDECLARED_SELECTOR = YES;
				GCC_WARN_UNINITIALIZED_AUTOS = YES_AGGRESSIVE;
				GCC_WARN_UNUSED_FUNCTION = YES;
				GCC_WARN_UNUSED_VARIABLE = YES;
				IPHONEOS_DEPLOYMENT_TARGET = 9.3;
				MTL_ENABLE_DEBUG_INFO = YES;
				ONLY_ACTIVE_ARCH = YES;
				SDKROOT = iphoneos;
			};
			name = Debug;
		};
		25E0693E1D3708B300EA8D65 /* Release */ = {
			isa = XCBuildConfiguration;
			buildSettings = {
				ALWAYS_SEARCH_USER_PATHS = NO;
				CLANG_ANALYZER_NONNULL = YES;
				CLANG_CXX_LANGUAGE_STANDARD = "gnu++0x";
				CLANG_CXX_LIBRARY = "libc++";
				CLANG_ENABLE_MODULES = YES;
				CLANG_ENABLE_OBJC_ARC = YES;
				CLANG_WARN_BOOL_CONVERSION = YES;
				CLANG_WARN_CONSTANT_CONVERSION = YES;
				CLANG_WARN_DIRECT_OBJC_ISA_USAGE = YES_ERROR;
				CLANG_WARN_EMPTY_BODY = YES;
				CLANG_WARN_ENUM_CONVERSION = YES;
				CLANG_WARN_INT_CONVERSION = YES;
				CLANG_WARN_OBJC_ROOT_CLASS = YES_ERROR;
				CLANG_WARN_UNREACHABLE_CODE = YES;
				CLANG_WARN__DUPLICATE_METHOD_MATCH = YES;
				"CODE_SIGN_IDENTITY[sdk=iphoneos*]" = "iPhone Developer";
				COPY_PHASE_STRIP = NO;
				DEBUG_INFORMATION_FORMAT = "dwarf-with-dsym";
				ENABLE_NS_ASSERTIONS = NO;
				ENABLE_STRICT_OBJC_MSGSEND = YES;
				GCC_C_LANGUAGE_STANDARD = gnu99;
				GCC_NO_COMMON_BLOCKS = YES;
				GCC_WARN_64_TO_32_BIT_CONVERSION = YES;
				GCC_WARN_ABOUT_RETURN_TYPE = YES_ERROR;
				GCC_WARN_UNDECLARED_SELECTOR = YES;
				GCC_WARN_UNINITIALIZED_AUTOS = YES_AGGRESSIVE;
				GCC_WARN_UNUSED_FUNCTION = YES;
				GCC_WARN_UNUSED_VARIABLE = YES;
				IPHONEOS_DEPLOYMENT_TARGET = 9.3;
				MTL_ENABLE_DEBUG_INFO = NO;
				SDKROOT = iphoneos;
				VALIDATE_PRODUCT = YES;
			};
			name = Release;
		};
		25E069401D3708B300EA8D65 /* Debug */ = {
			isa = XCBuildConfiguration;
			buildSettings = {
				OTHER_LDFLAGS = "-ObjC";
				PRODUCT_NAME = "$(TARGET_NAME)";
				SKIP_INSTALL = YES;
			};
			name = Debug;
		};
		25E069411D3708B300EA8D65 /* Release */ = {
			isa = XCBuildConfiguration;
			buildSettings = {
				OTHER_LDFLAGS = "-ObjC";
				PRODUCT_NAME = "$(TARGET_NAME)";
				SKIP_INSTALL = YES;
			};
			name = Release;
		};
/* End XCBuildConfiguration section */

/* Begin XCConfigurationList section */
		25E069311D3708B300EA8D65 /* Build configuration list for PBXProject "JJAlertController" */ = {
			isa = XCConfigurationList;
			buildConfigurations = (
				25E0693D1D3708B300EA8D65 /* Debug */,
				25E0693E1D3708B300EA8D65 /* Release */,
			);
			defaultConfigurationIsVisible = 0;
			defaultConfigurationName = Release;
		};
		25E0693F1D3708B300EA8D65 /* Build configuration list for PBXNativeTarget "JJAlertController" */ = {
			isa = XCConfigurationList;
			buildConfigurations = (
				25E069401D3708B300EA8D65 /* Debug */,
				25E069411D3708B300EA8D65 /* Release */,
			);
			defaultConfigurationIsVisible = 0;
			defaultConfigurationName = Release;
		};
/* End XCConfigurationList section */
	};
	rootObject = 25E0692E1D3708B300EA8D65 /* Project object */;
}
